
Microsoft Visual Studio Solution File, Format Version 12.00
# Visual Studio Version 16
VisualStudioVersion = 16.0.32002.261
MinimumVisualStudioVersion = 10.0.40219.1
Project("{FAE04EC0-301F-11D3-BF4B-00C04F79EFBC}") = "app1", "app1\app1.csproj", "{7B29F889-2050-49A0-851A-AA3C0A347E17}"
EndProject
Global
	GlobalSection(SolutionConfigurationPlatforms) = preSolution
		Debug|Any CPU = Debug|Any CPU
		Release|Any CPU = Release|Any CPU
	EndGlobalSection
	GlobalSection(ProjectConfigurationPlatforms) = postSolution
		{7B29F889-2050-49A0-851A-AA3C0A347E17}.Debug|Any CPU.ActiveCfg = Debug|Any CPU
		{7B29F889-2050-49A0-851A-AA3C0A347E17}.Debug|Any CPU.Build.0 = Debug|Any CPU
		{7B29F889-2050-49A0-851A-AA3C0A347E17}.Release|Any CPU.ActiveCfg = Release|Any CPU
		{7B29F889-2050-49A0-851A-AA3C0A347E17}.Release|Any CPU.Build.0 = Release|Any CPU
	EndGlobalSection
	GlobalSection(SolutionProperties) = preSolution
		HideSolutionNode = FALSE
	EndGlobalSection
	GlobalSection(ExtensibilityGlobals) = postSolution
		SolutionGuid = {D4EE4B82-A1C1-4758-AD14-19A29B7C00FF}
	EndGlobalSection
EndGlobal
